
Microsoft Visual Studio Solution File, Format Version 12.00
# Visual Studio Version 17
VisualStudioVersion = 17.11.35312.102
MinimumVisualStudioVersion = 10.0.40219.1
Project("{FAE04EC0-301F-11D3-BF4B-00C04F79EFBC}") = "gameMannager", "gameMannager\gameMannager.csproj", "{18507115-6F2F-4CC7-B657-B55D41F5E153}"
EndProject
Global
	GlobalSection(SolutionConfigurationPlatforms) = preSolution
		Debug|Any CPU = Debug|Any CPU
		Release|Any CPU = Release|Any CPU
	EndGlobalSection
	GlobalSection(ProjectConfigurationPlatforms) = postSolution
		{18507115-6F2F-4CC7-B657-B55D41F5E153}.Debug|Any CPU.ActiveCfg = Debug|Any CPU
		{18507115-6F2F-4CC7-B657-B55D41F5E153}.Debug|Any CPU.Build.0 = Debug|Any CPU
		{18507115-6F2F-4CC7-B657-B55D41F5E153}.Release|Any CPU.ActiveCfg = Release|Any CPU
		{18507115-6F2F-4CC7-B657-B55D41F5E153}.Release|Any CPU.Build.0 = Release|Any CPU
	EndGlobalSection
	GlobalSection(SolutionProperties) = preSolution
		HideSolutionNode = FALSE
	EndGlobalSection
	GlobalSection(ExtensibilityGlobals) = postSolution
		SolutionGuid = {A20C6A95-5D45-483E-9350-8B6C0E5667EA}
	EndGlobalSection
EndGlobal
